
Microsoft Visual Studio Solution File, Format Version 12.00
# Visual Studio Version 16
VisualStudioVersion = 16.0.30717.126
MinimumVisualStudioVersion = 10.0.40219.1
Project("{2150E333-8FDC-42A3-9474-1A3956D46DE8}") = "src", "src", "{B89811AA-AB82-4F66-894A-70BB54660489}"
EndProject
Project("{2150E333-8FDC-42A3-9474-1A3956D46DE8}") = "demo", "demo", "{787CD652-96BC-4364-B862-951ECAC5A90C}"
EndProject
Project("{2150E333-8FDC-42A3-9474-1A3956D46DE8}") = "tests", "tests", "{2CB5E1A9-0A4A-4DE6-9D50-5177627F3A78}"
EndProject
Project("{9A19103F-16F7-4668-BE54-9A1E7A4F7556}") = "Sdk", "Sdk\Sdk.csproj", "{4CF6179D-FC08-49E1-8ED5-ACFED3F48E7E}"
EndProject
Project("{9A19103F-16F7-4668-BE54-9A1E7A4F7556}") = "Web", "Web\Web.csproj", "{847CF12F-8072-48CF-9332-C63B99E888B1}"
EndProject
Project("{9A19103F-16F7-4668-BE54-9A1E7A4F7556}") = "Core", "Core\Core.csproj", "{FC1F73E4-D827-47AE-AEF7-B2068B17B3F6}"
EndProject
Project("{9A19103F-16F7-4668-BE54-9A1E7A4F7556}") = "Infra", "Infra\Infra.csproj", "{8536E329-B497-4A2B-8479-8D3175C1B106}"
EndProject
Project("{9A19103F-16F7-4668-BE54-9A1E7A4F7556}") = "Abstraction", "Abstraction\Abstraction.csproj", "{A9998E4F-F1AE-4F6C-8F78-F9C65A762C47}"
EndProject
Project("{9A19103F-16F7-4668-BE54-9A1E7A4F7556}") = "Common", "Common\Common.csproj", "{6C3398D2-D3A0-49AE-9FAE-3C60F4773C81}"
EndProject
Project("{9A19103F-16F7-4668-BE54-9A1E7A4F7556}") = "Demo", "Demo\Demo\Demo.csproj", "{68D4644C-4A4B-4D43-A0A2-C49C3D54196F}"
EndProject
Global
	GlobalSection(SolutionConfigurationPlatforms) = preSolution
		Debug|Any CPU = Debug|Any CPU
		Release|Any CPU = Release|Any CPU
	EndGlobalSection
	GlobalSection(ProjectConfigurationPlatforms) = postSolution
		{4CF6179D-FC08-49E1-8ED5-ACFED3F48E7E}.Debug|Any CPU.ActiveCfg = Debug|Any CPU
		{4CF6179D-FC08-49E1-8ED5-ACFED3F48E7E}.Debug|Any CPU.Build.0 = Debug|Any CPU
		{4CF6179D-FC08-49E1-8ED5-ACFED3F48E7E}.Release|Any CPU.ActiveCfg = Release|Any CPU
		{4CF6179D-FC08-49E1-8ED5-ACFED3F48E7E}.Release|Any CPU.Build.0 = Release|Any CPU
		{847CF12F-8072-48CF-9332-C63B99E888B1}.Debug|Any CPU.ActiveCfg = Debug|Any CPU
		{847CF12F-8072-48CF-9332-C63B99E888B1}.Debug|Any CPU.Build.0 = Debug|Any CPU
		{847CF12F-8072-48CF-9332-C63B99E888B1}.Release|Any CPU.ActiveCfg = Release|Any CPU
		{847CF12F-8072-48CF-9332-C63B99E888B1}.Release|Any CPU.Build.0 = Release|Any CPU
		{FC1F73E4-D827-47AE-AEF7-B2068B17B3F6}.Debug|Any CPU.ActiveCfg = Debug|Any CPU
		{FC1F73E4-D827-47AE-AEF7-B2068B17B3F6}.Debug|Any CPU.Build.0 = Debug|Any CPU
		{FC1F73E4-D827-47AE-AEF7-B2068B17B3F6}.Release|Any CPU.ActiveCfg = Release|Any CPU
		{FC1F73E4-D827-47AE-AEF7-B2068B17B3F6}.Release|Any CPU.Build.0 = Release|Any CPU
		{8536E329-B497-4A2B-8479-8D3175C1B106}.Debug|Any CPU.ActiveCfg = Debug|Any CPU
		{8536E329-B497-4A2B-8479-8D3175C1B106}.Debug|Any CPU.Build.0 = Debug|Any CPU
		{8536E329-B497-4A2B-8479-8D3175C1B106}.Release|Any CPU.ActiveCfg = Release|Any CPU
		{8536E329-B497-4A2B-8479-8D3175C1B106}.Release|Any CPU.Build.0 = Release|Any CPU
		{A9998E4F-F1AE-4F6C-8F78-F9C65A762C47}.Debug|Any CPU.ActiveCfg = Debug|Any CPU
		{A9998E4F-F1AE-4F6C-8F78-F9C65A762C47}.Debug|Any CPU.Build.0 = Debug|Any CPU
		{A9998E4F-F1AE-4F6C-8F78-F9C65A762C47}.Release|Any CPU.ActiveCfg = Release|Any CPU
		{A9998E4F-F1AE-4F6C-8F78-F9C65A762C47}.Release|Any CPU.Build.0 = Release|Any CPU
		{6C3398D2-D3A0-49AE-9FAE-3C60F4773C81}.Debug|Any CPU.ActiveCfg = Debug|Any CPU
		{6C3398D2-D3A0-49AE-9FAE-3C60F4773C81}.Debug|Any CPU.Build.0 = Debug|Any CPU
		{6C3398D2-D3A0-49AE-9FAE-3C60F4773C81}.Release|Any CPU.ActiveCfg = Release|Any CPU
		{6C3398D2-D3A0-49AE-9FAE-3C60F4773C81}.Release|Any CPU.Build.0 = Release|Any CPU
		{68D4644C-4A4B-4D43-A0A2-C49C3D54196F}.Debug|Any CPU.ActiveCfg = Debug|Any CPU
		{68D4644C-4A4B-4D43-A0A2-C49C3D54196F}.Debug|Any CPU.Build.0 = Debug|Any CPU
		{68D4644C-4A4B-4D43-A0A2-C49C3D54196F}.Release|Any CPU.ActiveCfg = Release|Any CPU
		{68D4644C-4A4B-4D43-A0A2-C49C3D54196F}.Release|Any CPU.Build.0 = Release|Any CPU
	EndGlobalSection
	GlobalSection(SolutionProperties) = preSolution
		HideSolutionNode = FALSE
	EndGlobalSection
	GlobalSection(NestedProjects) = preSolution
		{4CF6179D-FC08-49E1-8ED5-ACFED3F48E7E} = {B89811AA-AB82-4F66-894A-70BB54660489}
		{847CF12F-8072-48CF-9332-C63B99E888B1} = {B89811AA-AB82-4F66-894A-70BB54660489}
		{FC1F73E4-D827-47AE-AEF7-B2068B17B3F6} = {B89811AA-AB82-4F66-894A-70BB54660489}
		{8536E329-B497-4A2B-8479-8D3175C1B106} = {B89811AA-AB82-4F66-894A-70BB54660489}
		{A9998E4F-F1AE-4F6C-8F78-F9C65A762C47} = {B89811AA-AB82-4F66-894A-70BB54660489}
		{6C3398D2-D3A0-49AE-9FAE-3C60F4773C81} = {B89811AA-AB82-4F66-894A-70BB54660489}
		{68D4644C-4A4B-4D43-A0A2-C49C3D54196F} = {787CD652-96BC-4364-B862-951ECAC5A90C}
	EndGlobalSection
	GlobalSection(ExtensibilityGlobals) = postSolution
		SolutionGuid = {4EC27900-DA04-4EB7-AAB9-D91DCD78D6AF}
	EndGlobalSection
EndGlobal
