
Microsoft Visual Studio Solution File, Format Version 12.00
# Visual Studio Version 16
VisualStudioVersion = 16.0.30717.126
MinimumVisualStudioVersion = 10.0.40219.1
Project("{9A19103F-16F7-4668-BE54-9A1E7A4F7556}") = "Demo", "Demo\Demo.csproj", "{3A7D0743-32E0-49D3-A806-A479FAEA3E8F}"
EndProject
Project("{9A19103F-16F7-4668-BE54-9A1E7A4F7556}") = "Demo.Api", "Demo.Api\Demo.Api.csproj", "{CD7AF2FA-6F97-4ACF-8F0E-C7CDAC000E8E}"
EndProject
Project("{9A19103F-16F7-4668-BE54-9A1E7A4F7556}") = "DemoSpa", "DemoSpa\DemoSpa.csproj", "{88D07CFB-08BD-47E4-95B0-20CE4E7FB1EB}"
EndProject
Global
	GlobalSection(SolutionConfigurationPlatforms) = preSolution
		Debug|Any CPU = Debug|Any CPU
		Release|Any CPU = Release|Any CPU
	EndGlobalSection
	GlobalSection(ProjectConfigurationPlatforms) = postSolution
		{3A7D0743-32E0-49D3-A806-A479FAEA3E8F}.Debug|Any CPU.ActiveCfg = Debug|Any CPU
		{3A7D0743-32E0-49D3-A806-A479FAEA3E8F}.Debug|Any CPU.Build.0 = Debug|Any CPU
		{3A7D0743-32E0-49D3-A806-A479FAEA3E8F}.Release|Any CPU.ActiveCfg = Release|Any CPU
		{3A7D0743-32E0-49D3-A806-A479FAEA3E8F}.Release|Any CPU.Build.0 = Release|Any CPU
		{CD7AF2FA-6F97-4ACF-8F0E-C7CDAC000E8E}.Debug|Any CPU.ActiveCfg = Debug|Any CPU
		{CD7AF2FA-6F97-4ACF-8F0E-C7CDAC000E8E}.Debug|Any CPU.Build.0 = Debug|Any CPU
		{CD7AF2FA-6F97-4ACF-8F0E-C7CDAC000E8E}.Release|Any CPU.ActiveCfg = Release|Any CPU
		{CD7AF2FA-6F97-4ACF-8F0E-C7CDAC000E8E}.Release|Any CPU.Build.0 = Release|Any CPU
		{88D07CFB-08BD-47E4-95B0-20CE4E7FB1EB}.Debug|Any CPU.ActiveCfg = Debug|Any CPU
		{88D07CFB-08BD-47E4-95B0-20CE4E7FB1EB}.Debug|Any CPU.Build.0 = Debug|Any CPU
		{88D07CFB-08BD-47E4-95B0-20CE4E7FB1EB}.Release|Any CPU.ActiveCfg = Release|Any CPU
		{88D07CFB-08BD-47E4-95B0-20CE4E7FB1EB}.Release|Any CPU.Build.0 = Release|Any CPU
	EndGlobalSection
	GlobalSection(SolutionProperties) = preSolution
		HideSolutionNode = FALSE
	EndGlobalSection
	GlobalSection(ExtensibilityGlobals) = postSolution
		SolutionGuid = {6AA11452-85B7-4AFF-8F1A-012AFEABB62A}
	EndGlobalSection
EndGlobal
